
Microsoft Visual Studio Solution File, Format Version 12.00
# Visual Studio Version 16
VisualStudioVersion = 16.0.30804.86
MinimumVisualStudioVersion = 10.0.40219.1
Project("{8BC9CEB8-8B4A-11D0-8D11-00A0C91BC942}") = "Exam 2019", "Exam 2019\Exam 2019.vcxproj", "{11F7A8A6-9F4B-457D-935A-A9C032F903A5}"
EndProject
Global
	GlobalSection(SolutionConfigurationPlatforms) = preSolution
		Debug|x64 = Debug|x64
		Debug|x86 = Debug|x86
		Release|x64 = Release|x64
		Release|x86 = Release|x86
	EndGlobalSection
	GlobalSection(ProjectConfigurationPlatforms) = postSolution
		{11F7A8A6-9F4B-457D-935A-A9C032F903A5}.Debug|x64.ActiveCfg = Debug|x64
		{11F7A8A6-9F4B-457D-935A-A9C032F903A5}.Debug|x64.Build.0 = Debug|x64
		{11F7A8A6-9F4B-457D-935A-A9C032F903A5}.Debug|x86.ActiveCfg = Debug|Win32
		{11F7A8A6-9F4B-457D-935A-A9C032F903A5}.Debug|x86.Build.0 = Debug|Win32
		{11F7A8A6-9F4B-457D-935A-A9C032F903A5}.Release|x64.ActiveCfg = Release|x64
		{11F7A8A6-9F4B-457D-935A-A9C032F903A5}.Release|x64.Build.0 = Release|x64
		{11F7A8A6-9F4B-457D-935A-A9C032F903A5}.Release|x86.ActiveCfg = Release|Win32
		{11F7A8A6-9F4B-457D-935A-A9C032F903A5}.Release|x86.Build.0 = Release|Win32
	EndGlobalSection
	GlobalSection(SolutionProperties) = preSolution
		HideSolutionNode = FALSE
	EndGlobalSection
	GlobalSection(ExtensibilityGlobals) = postSolution
		SolutionGuid = {2A372495-D272-4DA0-8066-2B7C09CBEEC7}
	EndGlobalSection
EndGlobal
